
Microsoft Visual Studio Solution File, Format Version 12.00
# Visual Studio for Mac
Project("{FAE04EC0-301F-11D3-BF4B-00C04F79EFBC}") = "Assembly-CSharp", "Assembly-CSharp.csproj", "{3A64D159-8F2F-9F4A-E89C-C6C8DBBCD7CE}"
EndProject
Project("{FAE04EC0-301F-11D3-BF4B-00C04F79EFBC}") = "Assembly-CSharp-firstpass", "Assembly-CSharp-firstpass.csproj", "{4DE42116-D3D3-CA44-9C55-03C59A2B68D6}"
EndProject
Project("{FAE04EC0-301F-11D3-BF4B-00C04F79EFBC}") = "Assembly-CSharp-Editor-firstpass", "Assembly-CSharp-Editor-firstpass.csproj", "{62B2A068-17CF-C414-643F-67138E49F0D6}"
EndProject
Global
	GlobalSection(SolutionConfigurationPlatforms) = preSolution
		Debug|Any CPU = Debug|Any CPU
		Release|Any CPU = Release|Any CPU
	EndGlobalSection
	GlobalSection(ProjectConfigurationPlatforms) = postSolution
		{3A64D159-8F2F-9F4A-E89C-C6C8DBBCD7CE}.Debug|Any CPU.ActiveCfg = Debug|Any CPU
		{3A64D159-8F2F-9F4A-E89C-C6C8DBBCD7CE}.Debug|Any CPU.Build.0 = Debug|Any CPU
		{3A64D159-8F2F-9F4A-E89C-C6C8DBBCD7CE}.Release|Any CPU.ActiveCfg = Release|Any CPU
		{3A64D159-8F2F-9F4A-E89C-C6C8DBBCD7CE}.Release|Any CPU.Build.0 = Release|Any CPU
		{4DE42116-D3D3-CA44-9C55-03C59A2B68D6}.Debug|Any CPU.ActiveCfg = Debug|Any CPU
		{4DE42116-D3D3-CA44-9C55-03C59A2B68D6}.Debug|Any CPU.Build.0 = Debug|Any CPU
		{4DE42116-D3D3-CA44-9C55-03C59A2B68D6}.Release|Any CPU.ActiveCfg = Release|Any CPU
		{4DE42116-D3D3-CA44-9C55-03C59A2B68D6}.Release|Any CPU.Build.0 = Release|Any CPU
		{62B2A068-17CF-C414-643F-67138E49F0D6}.Debug|Any CPU.ActiveCfg = Debug|Any CPU
		{62B2A068-17CF-C414-643F-67138E49F0D6}.Debug|Any CPU.Build.0 = Debug|Any CPU
		{62B2A068-17CF-C414-643F-67138E49F0D6}.Release|Any CPU.ActiveCfg = Release|Any CPU
		{62B2A068-17CF-C414-643F-67138E49F0D6}.Release|Any CPU.Build.0 = Release|Any CPU
	EndGlobalSection
	GlobalSection(SolutionProperties) = preSolution
		HideSolutionNode = FALSE
	EndGlobalSection
EndGlobal
